// !$*UTF8*$!
{
	archiveVersion = 1;
	classes = {
	};
	objectVersion = 46;
	objects = {

/* Begin PBXBuildFile section */
		011026C61BAE64D900393688 /* Bolts.framework in Frameworks */ = {isa = PBXBuildFile; fileRef = 011026BF1BAE64D900393688 /* Bolts.framework */; settings = {ASSET_TAGS = (); }; };
		011026C71BAE64D900393688 /* Parse.framework in Frameworks */ = {isa = PBXBuildFile; fileRef = 011026C01BAE64D900393688 /* Parse.framework */; settings = {ASSET_TAGS = (); }; };
		011026C81BAE64D900393688 /* ParseCrashReporting.framework in Frameworks */ = {isa = PBXBuildFile; fileRef = 011026C11BAE64D900393688 /* ParseCrashReporting.framework */; settings = {ASSET_TAGS = (); }; };
		011026C91BAE64D900393688 /* ParseFacebookUtils.framework in Frameworks */ = {isa = PBXBuildFile; fileRef = 011026C21BAE64D900393688 /* ParseFacebookUtils.framework */; settings = {ASSET_TAGS = (); }; };
		011026CA1BAE64D900393688 /* ParseFacebookUtilsV4.framework in Frameworks */ = {isa = PBXBuildFile; fileRef = 011026C31BAE64D900393688 /* ParseFacebookUtilsV4.framework */; settings = {ASSET_TAGS = (); }; };
		011026CB1BAE64D900393688 /* ParseTwitterUtils.framework in Frameworks */ = {isa = PBXBuildFile; fileRef = 011026C41BAE64D900393688 /* ParseTwitterUtils.framework */; settings = {ASSET_TAGS = (); }; };
		011026CC1BAE64D900393688 /* ParseUI.framework in Frameworks */ = {isa = PBXBuildFile; fileRef = 011026C51BAE64D900393688 /* ParseUI.framework */; settings = {ASSET_TAGS = (); }; };
		011026CE1BAE657200393688 /* Accounts.framework in Frameworks */ = {isa = PBXBuildFile; fileRef = 011026CD1BAE657200393688 /* Accounts.framework */; };
		011026D01BAE657E00393688 /* AudioToolbox.framework in Frameworks */ = {isa = PBXBuildFile; fileRef = 011026CF1BAE657E00393688 /* AudioToolbox.framework */; };
		011026D21BAE658900393688 /* CFNetwork.framework in Frameworks */ = {isa = PBXBuildFile; fileRef = 011026D11BAE658900393688 /* CFNetwork.framework */; };
		011026D41BAE659500393688 /* CoreGraphics.framework in Frameworks */ = {isa = PBXBuildFile; fileRef = 011026D31BAE659500393688 /* CoreGraphics.framework */; };
		011026D61BAE65A000393688 /* CoreLocation.framework in Frameworks */ = {isa = PBXBuildFile; fileRef = 011026D51BAE65A000393688 /* CoreLocation.framework */; };
		011026D81BAE65A800393688 /* QuartzCore.framework in Frameworks */ = {isa = PBXBuildFile; fileRef = 011026D71BAE65A800393688 /* QuartzCore.framework */; };
		011026DA1BAE65B100393688 /* Security.framework in Frameworks */ = {isa = PBXBuildFile; fileRef = 011026D91BAE65B100393688 /* Security.framework */; };
		011026DC1BAE65BB00393688 /* Social.framework in Frameworks */ = {isa = PBXBuildFile; fileRef = 011026DB1BAE65BB00393688 /* Social.framework */; };
		011026DE1BAE65C400393688 /* StoreKit.framework in Frameworks */ = {isa = PBXBuildFile; fileRef = 011026DD1BAE65C400393688 /* StoreKit.framework */; };
		011026E01BAE65DB00393688 /* SystemConfiguration.framework in Frameworks */ = {isa = PBXBuildFile; fileRef = 011026DF1BAE65DB00393688 /* SystemConfiguration.framework */; };
		011026E21BAE65E900393688 /* libz.tbd in Frameworks */ = {isa = PBXBuildFile; fileRef = 011026E11BAE65E900393688 /* libz.tbd */; };
		011026E41BAE65F200393688 /* libsqlite3.tbd in Frameworks */ = {isa = PBXBuildFile; fileRef = 011026E31BAE65F200393688 /* libsqlite3.tbd */; };
		013E6AD01BAF3B8700F7B675 /* UserAction.swift in Sources */ = {isa = PBXBuildFile; fileRef = 013E6ACF1BAF3B8700F7B675 /* UserAction.swift */; settings = {ASSET_TAGS = (); }; };
		013E6AD21BAF741500F7B675 /* MessageAction.swift in Sources */ = {isa = PBXBuildFile; fileRef = 013E6AD11BAF741500F7B675 /* MessageAction.swift */; settings = {ASSET_TAGS = (); }; };
		0EA8E72C311853ED1C510E1B /* Pods_EVChat.framework in Frameworks */ = {isa = PBXBuildFile; fileRef = FB039FAB34A96EF36BE1C152 /* Pods_EVChat.framework */; settings = {ATTRIBUTES = (Weak, ); }; };
		2F13C88D1BA23D3200A0713D /* AppDelegate.swift in Sources */ = {isa = PBXBuildFile; fileRef = 2F13C88C1BA23D3200A0713D /* AppDelegate.swift */; };
		2F13C8921BA23D3200A0713D /* Main.storyboard in Resources */ = {isa = PBXBuildFile; fileRef = 2F13C8901BA23D3200A0713D /* Main.storyboard */; };
		2F13C8941BA23D3200A0713D /* Assets.xcassets in Resources */ = {isa = PBXBuildFile; fileRef = 2F13C8931BA23D3200A0713D /* Assets.xcassets */; };
		2F13C8971BA23D3200A0713D /* LaunchScreen.storyboard in Resources */ = {isa = PBXBuildFile; fileRef = 2F13C8951BA23D3200A0713D /* LaunchScreen.storyboard */; };
		2F13C8A21BA23D3200A0713D /* EVChatTests.swift in Sources */ = {isa = PBXBuildFile; fileRef = 2F13C8A11BA23D3200A0713D /* EVChatTests.swift */; };
		2F13C8AD1BA23D3200A0713D /* EVChatUITests.swift in Sources */ = {isa = PBXBuildFile; fileRef = 2F13C8AC1BA23D3200A0713D /* EVChatUITests.swift */; };
		2F4AE17D1BD59AB20076EFC7 /* JBChatMainView.swift in Sources */ = {isa = PBXBuildFile; fileRef = 2F4AE17C1BD59AB20076EFC7 /* JBChatMainView.swift */; };
		2F4AE1821BD5A28A0076EFC7 /* tab_group@2x.png in Resources */ = {isa = PBXBuildFile; fileRef = 2F4AE17E1BD5A28A0076EFC7 /* tab_group@2x.png */; };
		2F4AE1831BD5A28A0076EFC7 /* tab_messages@2x.png in Resources */ = {isa = PBXBuildFile; fileRef = 2F4AE17F1BD5A28A0076EFC7 /* tab_messages@2x.png */; };
		2F4AE1841BD5A28A0076EFC7 /* tab_private@2x.png in Resources */ = {isa = PBXBuildFile; fileRef = 2F4AE1801BD5A28A0076EFC7 /* tab_private@2x.png */; };
		2F4AE1851BD5A28A0076EFC7 /* tab_profile@2x.png in Resources */ = {isa = PBXBuildFile; fileRef = 2F4AE1811BD5A28A0076EFC7 /* tab_profile@2x.png */; };
		2F6F52C11BA895FC0091E3AF /* PushInside.swift in Sources */ = {isa = PBXBuildFile; fileRef = 2F6F52C01BA895FC0091E3AF /* PushInside.swift */; };
		2F75EF431BAC89EA005C167E /* profile_blank@2x.png in Resources */ = {isa = PBXBuildFile; fileRef = 2F75EF421BAC89EA005C167E /* profile_blank@2x.png */; };
		2F9B28AF1BAA192200801EF9 /* MessageViewController.swift in Sources */ = {isa = PBXBuildFile; fileRef = 2F9B28AE1BAA192200801EF9 /* MessageViewController.swift */; };
		2FF3767C1BA79E850012AB0E /* AddFriends.swift in Sources */ = {isa = PBXBuildFile; fileRef = 2FF3767B1BA79E850012AB0E /* AddFriends.swift */; };
/* End PBXBuildFile section */

/* Begin PBXContainerItemProxy section */
		2F13C89E1BA23D3200A0713D /* PBXContainerItemProxy */ = {
			isa = PBXContainerItemProxy;
			containerPortal = 2F13C8811BA23D3200A0713D /* Project object */;
			proxyType = 1;
			remoteGlobalIDString = 2F13C8881BA23D3200A0713D;
			remoteInfo = EVChat;
		};
		2F13C8A91BA23D3200A0713D /* PBXContainerItemProxy */ = {
			isa = PBXContainerItemProxy;
			containerPortal = 2F13C8811BA23D3200A0713D /* Project object */;
			proxyType = 1;
			remoteGlobalIDString = 2F13C8881BA23D3200A0713D;
			remoteInfo = EVChat;
		};
/* End PBXContainerItemProxy section */

/* Begin PBXFileReference section */
		011026BF1BAE64D900393688 /* Bolts.framework */ = {isa = PBXFileReference; lastKnownFileType = wrapper.framework; name = Bolts.framework; path = FrameWorks/Bolts.framework; sourceTree = "<group>"; };
		011026C01BAE64D900393688 /* Parse.framework */ = {isa = PBXFileReference; lastKnownFileType = wrapper.framework; name = Parse.framework; path = FrameWorks/Parse.framework; sourceTree = "<group>"; };
		011026C11BAE64D900393688 /* ParseCrashReporting.framework */ = {isa = PBXFileReference; lastKnownFileType = wrapper.framework; name = ParseCrashReporting.framework; path = FrameWorks/ParseCrashReporting.framework; sourceTree = "<group>"; };
		011026C21BAE64D900393688 /* ParseFacebookUtils.framework */ = {isa = PBXFileReference; lastKnownFileType = wrapper.framework; name = ParseFacebookUtils.framework; path = FrameWorks/ParseFacebookUtils.framework; sourceTree = "<group>"; };
		011026C31BAE64D900393688 /* ParseFacebookUtilsV4.framework */ = {isa = PBXFileReference; lastKnownFileType = wrapper.framework; name = ParseFacebookUtilsV4.framework; path = FrameWorks/ParseFacebookUtilsV4.framework; sourceTree = "<group>"; };
		011026C41BAE64D900393688 /* ParseTwitterUtils.framework */ = {isa = PBXFileReference; lastKnownFileType = wrapper.framework; name = ParseTwitterUtils.framework; path = FrameWorks/ParseTwitterUtils.framework; sourceTree = "<group>"; };
		011026C51BAE64D900393688 /* ParseUI.framework */ = {isa = PBXFileReference; lastKnownFileType = wrapper.framework; name = ParseUI.framework; path = FrameWorks/ParseUI.framework; sourceTree = "<group>"; };
		011026CD1BAE657200393688 /* Accounts.framework */ = {isa = PBXFileReference; lastKnownFileType = wrapper.framework; name = Accounts.framework; path = System/Library/Frameworks/Accounts.framework; sourceTree = SDKROOT; };
		011026CF1BAE657E00393688 /* AudioToolbox.framework */ = {isa = PBXFileReference; lastKnownFileType = wrapper.framework; name = AudioToolbox.framework; path = System/Library/Frameworks/AudioToolbox.framework; sourceTree = SDKROOT; };
		011026D11BAE658900393688 /* CFNetwork.framework */ = {isa = PBXFileReference; lastKnownFileType = wrapper.framework; name = CFNetwork.framework; path = System/Library/Frameworks/CFNetwork.framework; sourceTree = SDKROOT; };
		011026D31BAE659500393688 /* CoreGraphics.framework */ = {isa = PBXFileReference; lastKnownFileType = wrapper.framework; name = CoreGraphics.framework; path = System/Library/Frameworks/CoreGraphics.framework; sourceTree = SDKROOT; };
		011026D51BAE65A000393688 /* CoreLocation.framework */ = {isa = PBXFileReference; lastKnownFileType = wrapper.framework; name = CoreLocation.framework; path = System/Library/Frameworks/CoreLocation.framework; sourceTree = SDKROOT; };
		011026D71BAE65A800393688 /* QuartzCore.framework */ = {isa = PBXFileReference; lastKnownFileType = wrapper.framework; name = QuartzCore.framework; path = System/Library/Frameworks/QuartzCore.framework; sourceTree = SDKROOT; };
		011026D91BAE65B100393688 /* Security.framework */ = {isa = PBXFileReference; lastKnownFileType = wrapper.framework; name = Security.framework; path = System/Library/Frameworks/Security.framework; sourceTree = SDKROOT; };
		011026DB1BAE65BB00393688 /* Social.framework */ = {isa = PBXFileReference; lastKnownFileType = wrapper.framework; name = Social.framework; path = System/Library/Frameworks/Social.framework; sourceTree = SDKROOT; };
		011026DD1BAE65C400393688 /* StoreKit.framework */ = {isa = PBXFileReference; lastKnownFileType = wrapper.framework; name = StoreKit.framework; path = System/Library/Frameworks/StoreKit.framework; sourceTree = SDKROOT; };
		011026DF1BAE65DB00393688 /* SystemConfiguration.framework */ = {isa = PBXFileReference; lastKnownFileType = wrapper.framework; name = SystemConfiguration.framework; path = System/Library/Frameworks/SystemConfiguration.framework; sourceTree = SDKROOT; };
		011026E11BAE65E900393688 /* libz.tbd */ = {isa = PBXFileReference; lastKnownFileType = "sourcecode.text-based-dylib-definition"; name = libz.tbd; path = usr/lib/libz.tbd; sourceTree = SDKROOT; };
		011026E31BAE65F200393688 /* libsqlite3.tbd */ = {isa = PBXFileReference; lastKnownFileType = "sourcecode.text-based-dylib-definition"; name = libsqlite3.tbd; path = usr/lib/libsqlite3.tbd; sourceTree = SDKROOT; };
		013E6ACF1BAF3B8700F7B675 /* UserAction.swift */ = {isa = PBXFileReference; fileEncoding = 4; lastKnownFileType = sourcecode.swift; path = UserAction.swift; sourceTree = "<group>"; };
		013E6AD11BAF741500F7B675 /* MessageAction.swift */ = {isa = PBXFileReference; fileEncoding = 4; lastKnownFileType = sourcecode.swift; path = MessageAction.swift; sourceTree = "<group>"; };
		01CB5F8E1BA9380C00059F98 /* EVChat-Bridging-Header.h */ = {isa = PBXFileReference; lastKnownFileType = sourcecode.c.h; path = "EVChat-Bridging-Header.h"; sourceTree = "<group>"; };
		2F13C8891BA23D3200A0713D /* EVChat.app */ = {isa = PBXFileReference; explicitFileType = wrapper.application; includeInIndex = 0; path = EVChat.app; sourceTree = BUILT_PRODUCTS_DIR; };
		2F13C88C1BA23D3200A0713D /* AppDelegate.swift */ = {isa = PBXFileReference; lastKnownFileType = sourcecode.swift; path = AppDelegate.swift; sourceTree = "<group>"; };
		2F13C8911BA23D3200A0713D /* Base */ = {isa = PBXFileReference; lastKnownFileType = file.storyboard; name = Base; path = Base.lproj/Main.storyboard; sourceTree = "<group>"; };
		2F13C8931BA23D3200A0713D /* Assets.xcassets */ = {isa = PBXFileReference; lastKnownFileType = folder.assetcatalog; path = Assets.xcassets; sourceTree = "<group>"; };
		2F13C8961BA23D3200A0713D /* Base */ = {isa = PBXFileReference; lastKnownFileType = file.storyboard; name = Base; path = Base.lproj/LaunchScreen.storyboard; sourceTree = "<group>"; };
		2F13C8981BA23D3200A0713D /* Info.plist */ = {isa = PBXFileReference; lastKnownFileType = text.plist.xml; path = Info.plist; sourceTree = "<group>"; };
		2F13C89D1BA23D3200A0713D /* EVChatTests.xctest */ = {isa = PBXFileReference; explicitFileType = wrapper.cfbundle; includeInIndex = 0; path = EVChatTests.xctest; sourceTree = BUILT_PRODUCTS_DIR; };
		2F13C8A11BA23D3200A0713D /* EVChatTests.swift */ = {isa = PBXFileReference; lastKnownFileType = sourcecode.swift; path = EVChatTests.swift; sourceTree = "<group>"; };
		2F13C8A31BA23D3200A0713D /* Info.plist */ = {isa = PBXFileReference; lastKnownFileType = text.plist.xml; path = Info.plist; sourceTree = "<group>"; };
		2F13C8A81BA23D3200A0713D /* EVChatUITests.xctest */ = {isa = PBXFileReference; explicitFileType = wrapper.cfbundle; includeInIndex = 0; path = EVChatUITests.xctest; sourceTree = BUILT_PRODUCTS_DIR; };
		2F13C8AC1BA23D3200A0713D /* EVChatUITests.swift */ = {isa = PBXFileReference; lastKnownFileType = sourcecode.swift; path = EVChatUITests.swift; sourceTree = "<group>"; };
		2F13C8AE1BA23D3200A0713D /* Info.plist */ = {isa = PBXFileReference; lastKnownFileType = text.plist.xml; path = Info.plist; sourceTree = "<group>"; };
		2F4AE17C1BD59AB20076EFC7 /* JBChatMainView.swift */ = {isa = PBXFileReference; fileEncoding = 4; lastKnownFileType = sourcecode.swift; path = JBChatMainView.swift; sourceTree = "<group>"; };
		2F4AE17E1BD5A28A0076EFC7 /* tab_group@2x.png */ = {isa = PBXFileReference; lastKnownFileType = image.png; name = "tab_group@2x.png"; path = "images/tab_group@2x.png"; sourceTree = "<group>"; };
		2F4AE17F1BD5A28A0076EFC7 /* tab_messages@2x.png */ = {isa = PBXFileReference; lastKnownFileType = image.png; name = "tab_messages@2x.png"; path = "images/tab_messages@2x.png"; sourceTree = "<group>"; };
		2F4AE1801BD5A28A0076EFC7 /* tab_private@2x.png */ = {isa = PBXFileReference; lastKnownFileType = image.png; name = "tab_private@2x.png"; path = "images/tab_private@2x.png"; sourceTree = "<group>"; };
		2F4AE1811BD5A28A0076EFC7 /* tab_profile@2x.png */ = {isa = PBXFileReference; lastKnownFileType = image.png; name = "tab_profile@2x.png"; path = "images/tab_profile@2x.png"; sourceTree = "<group>"; };
		2F6F52C01BA895FC0091E3AF /* PushInside.swift */ = {isa = PBXFileReference; fileEncoding = 4; lastKnownFileType = sourcecode.swift; path = PushInside.swift; sourceTree = "<group>"; };
		2F75EF421BAC89EA005C167E /* profile_blank@2x.png */ = {isa = PBXFileReference; lastKnownFileType = image.png; name = "profile_blank@2x.png"; path = "Resources/profile_blank@2x.png"; sourceTree = "<group>"; };
		2F9B28AE1BAA192200801EF9 /* MessageViewController.swift */ = {isa = PBXFileReference; fileEncoding = 4; lastKnownFileType = sourcecode.swift; path = MessageViewController.swift; sourceTree = "<group>"; };
		2FF3767B1BA79E850012AB0E /* AddFriends.swift */ = {isa = PBXFileReference; fileEncoding = 4; lastKnownFileType = sourcecode.swift; path = AddFriends.swift; sourceTree = "<group>"; };
		95801E651BC18AC46751905D /* Pods-EVChat.release.xcconfig */ = {isa = PBXFileReference; includeInIndex = 1; lastKnownFileType = text.xcconfig; name = "Pods-EVChat.release.xcconfig"; path = "Pods/Target Support Files/Pods-EVChat/Pods-EVChat.release.xcconfig"; sourceTree = "<group>"; };
		FB039FAB34A96EF36BE1C152 /* Pods_EVChat.framework */ = {isa = PBXFileReference; explicitFileType = wrapper.framework; includeInIndex = 0; path = Pods_EVChat.framework; sourceTree = BUILT_PRODUCTS_DIR; };
		FF926EB22E9235F2AE632268 /* Pods-EVChat.debug.xcconfig */ = {isa = PBXFileReference; includeInIndex = 1; lastKnownFileType = text.xcconfig; name = "Pods-EVChat.debug.xcconfig"; path = "Pods/Target Support Files/Pods-EVChat/Pods-EVChat.debug.xcconfig"; sourceTree = "<group>"; };
/* End PBXFileReference section */

/* Begin PBXFrameworksBuildPhase section */
		2F13C8861BA23D3200A0713D /* Frameworks */ = {
			isa = PBXFrameworksBuildPhase;
			buildActionMask = 2147483647;
			files = (
				011026E41BAE65F200393688 /* libsqlite3.tbd in Frameworks */,
				011026E21BAE65E900393688 /* libz.tbd in Frameworks */,
				011026E01BAE65DB00393688 /* SystemConfiguration.framework in Frameworks */,
				011026DE1BAE65C400393688 /* StoreKit.framework in Frameworks */,
				011026DC1BAE65BB00393688 /* Social.framework in Frameworks */,
				011026DA1BAE65B100393688 /* Security.framework in Frameworks */,
				011026D81BAE65A800393688 /* QuartzCore.framework in Frameworks */,
				011026D61BAE65A000393688 /* CoreLocation.framework in Frameworks */,
				011026D41BAE659500393688 /* CoreGraphics.framework in Frameworks */,
				011026D21BAE658900393688 /* CFNetwork.framework in Frameworks */,
				011026D01BAE657E00393688 /* AudioToolbox.framework in Frameworks */,
				011026CE1BAE657200393688 /* Accounts.framework in Frameworks */,
				0EA8E72C311853ED1C510E1B /* Pods_EVChat.framework in Frameworks */,
				011026C71BAE64D900393688 /* Parse.framework in Frameworks */,
				011026CA1BAE64D900393688 /* ParseFacebookUtilsV4.framework in Frameworks */,
				011026CB1BAE64D900393688 /* ParseTwitterUtils.framework in Frameworks */,
				011026C61BAE64D900393688 /* Bolts.framework in Frameworks */,
				011026C91BAE64D900393688 /* ParseFacebookUtils.framework in Frameworks */,
				011026CC1BAE64D900393688 /* ParseUI.framework in Frameworks */,
				011026C81BAE64D900393688 /* ParseCrashReporting.framework in Frameworks */,
			);
			runOnlyForDeploymentPostprocessing = 0;
		};
		2F13C89A1BA23D3200A0713D /* Frameworks */ = {
			isa = PBXFrameworksBuildPhase;
			buildActionMask = 2147483647;
			files = (
			);
			runOnlyForDeploymentPostprocessing = 0;
		};
		2F13C8A51BA23D3200A0713D /* Frameworks */ = {
			isa = PBXFrameworksBuildPhase;
			buildActionMask = 2147483647;
			files = (
			);
			runOnlyForDeploymentPostprocessing = 0;
		};
/* End PBXFrameworksBuildPhase section */

/* Begin PBXGroup section */
		013E6ACC1BAF3B3B00F7B675 /* Utilities */ = {
			isa = PBXGroup;
			children = (
				013E6ACF1BAF3B8700F7B675 /* UserAction.swift */,
				013E6AD11BAF741500F7B675 /* MessageAction.swift */,
			);
			name = Utilities;
			sourceTree = "<group>";
		};
		2F13C8801BA23D3200A0713D = {
			isa = PBXGroup;
			children = (
				2F75EF441BAC89F8005C167E /* Resources */,
				2F13C88B1BA23D3200A0713D /* EVChat */,
				2F13C8A01BA23D3200A0713D /* EVChatTests */,
				2F13C8AB1BA23D3200A0713D /* EVChatUITests */,
				2F13C88A1BA23D3200A0713D /* Products */,
				ECDC421DBF396E31807B3013 /* Pods */,
				E2CDC50A6A1DE595709DBBFB /* Frameworks */,
			);
			sourceTree = "<group>";
		};
		2F13C88A1BA23D3200A0713D /* Products */ = {
			isa = PBXGroup;
			children = (
				2F13C8891BA23D3200A0713D /* EVChat.app */,
				2F13C89D1BA23D3200A0713D /* EVChatTests.xctest */,
				2F13C8A81BA23D3200A0713D /* EVChatUITests.xctest */,
			);
			name = Products;
			sourceTree = "<group>";
		};
		2F13C88B1BA23D3200A0713D /* EVChat */ = {
			isa = PBXGroup;
			children = (
				2F4AE1871BD5A2A20076EFC7 /* images */,
				013E6ACC1BAF3B3B00F7B675 /* Utilities */,
				2F13C88C1BA23D3200A0713D /* AppDelegate.swift */,
				2F13C8901BA23D3200A0713D /* Main.storyboard */,
				2F13C8931BA23D3200A0713D /* Assets.xcassets */,
				2F13C8951BA23D3200A0713D /* LaunchScreen.storyboard */,
				2F13C8981BA23D3200A0713D /* Info.plist */,
				2FF3767B1BA79E850012AB0E /* AddFriends.swift */,
				2F6F52C01BA895FC0091E3AF /* PushInside.swift */,
				01CB5F8E1BA9380C00059F98 /* EVChat-Bridging-Header.h */,
				2F9B28AE1BAA192200801EF9 /* MessageViewController.swift */,
				2F4AE17C1BD59AB20076EFC7 /* JBChatMainView.swift */,
			);
			path = EVChat;
			sourceTree = "<group>";
		};
		2F13C8A01BA23D3200A0713D /* EVChatTests */ = {
			isa = PBXGroup;
			children = (
				2F13C8A11BA23D3200A0713D /* EVChatTests.swift */,
				2F13C8A31BA23D3200A0713D /* Info.plist */,
			);
			path = EVChatTests;
			sourceTree = "<group>";
		};
		2F13C8AB1BA23D3200A0713D /* EVChatUITests */ = {
			isa = PBXGroup;
			children = (
				2F13C8AC1BA23D3200A0713D /* EVChatUITests.swift */,
				2F13C8AE1BA23D3200A0713D /* Info.plist */,
			);
			path = EVChatUITests;
			sourceTree = "<group>";
		};
		2F4AE1871BD5A2A20076EFC7 /* images */ = {
			isa = PBXGroup;
			children = (
				2F4AE17E1BD5A28A0076EFC7 /* tab_group@2x.png */,
				2F4AE17F1BD5A28A0076EFC7 /* tab_messages@2x.png */,
				2F4AE1801BD5A28A0076EFC7 /* tab_private@2x.png */,
				2F4AE1811BD5A28A0076EFC7 /* tab_profile@2x.png */,
			);
			name = images;
			sourceTree = "<group>";
		};
		2F75EF441BAC89F8005C167E /* Resources */ = {
			isa = PBXGroup;
			children = (
				2F75EF421BAC89EA005C167E /* profile_blank@2x.png */,
			);
			name = Resources;
			sourceTree = "<group>";
		};
		E2CDC50A6A1DE595709DBBFB /* Frameworks */ = {
			isa = PBXGroup;
			children = (
				011026E31BAE65F200393688 /* libsqlite3.tbd */,
				011026E11BAE65E900393688 /* libz.tbd */,
				011026DF1BAE65DB00393688 /* SystemConfiguration.framework */,
				011026DD1BAE65C400393688 /* StoreKit.framework */,
				011026DB1BAE65BB00393688 /* Social.framework */,
				011026D91BAE65B100393688 /* Security.framework */,
				011026D71BAE65A800393688 /* QuartzCore.framework */,
				011026D51BAE65A000393688 /* CoreLocation.framework */,
				011026D31BAE659500393688 /* CoreGraphics.framework */,
				011026D11BAE658900393688 /* CFNetwork.framework */,
				011026CF1BAE657E00393688 /* AudioToolbox.framework */,
				011026CD1BAE657200393688 /* Accounts.framework */,
				011026BF1BAE64D900393688 /* Bolts.framework */,
				011026C01BAE64D900393688 /* Parse.framework */,
				011026C11BAE64D900393688 /* ParseCrashReporting.framework */,
				011026C21BAE64D900393688 /* ParseFacebookUtils.framework */,
				011026C31BAE64D900393688 /* ParseFacebookUtilsV4.framework */,
				011026C41BAE64D900393688 /* ParseTwitterUtils.framework */,
				011026C51BAE64D900393688 /* ParseUI.framework */,
				FB039FAB34A96EF36BE1C152 /* Pods_EVChat.framework */,
			);
			name = Frameworks;
			sourceTree = "<group>";
		};
		ECDC421DBF396E31807B3013 /* Pods */ = {
			isa = PBXGroup;
			children = (
				FF926EB22E9235F2AE632268 /* Pods-EVChat.debug.xcconfig */,
				95801E651BC18AC46751905D /* Pods-EVChat.release.xcconfig */,
			);
			name = Pods;
			sourceTree = "<group>";
		};
/* End PBXGroup section */

/* Begin PBXNativeTarget section */
		2F13C8881BA23D3200A0713D /* EVChat */ = {
			isa = PBXNativeTarget;
			buildConfigurationList = 2F13C8B11BA23D3200A0713D /* Build configuration list for PBXNativeTarget "EVChat" */;
			buildPhases = (
				6660D36E5251031D72568A9F /* Check Pods Manifest.lock */,
				2F13C8851BA23D3200A0713D /* Sources */,
				2F13C8861BA23D3200A0713D /* Frameworks */,
				2F13C8871BA23D3200A0713D /* Resources */,
				E80C5291E77D4C9834F4A307 /* Embed Pods Frameworks */,
				B8214FBF51A78B6310D28654 /* Copy Pods Resources */,
			);
			buildRules = (
			);
			dependencies = (
			);
			name = EVChat;
			productName = EVChat;
			productReference = 2F13C8891BA23D3200A0713D /* EVChat.app */;
			productType = "com.apple.product-type.application";
		};
		2F13C89C1BA23D3200A0713D /* EVChatTests */ = {
			isa = PBXNativeTarget;
			buildConfigurationList = 2F13C8B41BA23D3200A0713D /* Build configuration list for PBXNativeTarget "EVChatTests" */;
			buildPhases = (
				2F13C8991BA23D3200A0713D /* Sources */,
				2F13C89A1BA23D3200A0713D /* Frameworks */,
				2F13C89B1BA23D3200A0713D /* Resources */,
			);
			buildRules = (
			);
			dependencies = (
				2F13C89F1BA23D3200A0713D /* PBXTargetDependency */,
			);
			name = EVChatTests;
			productName = EVChatTests;
			productReference = 2F13C89D1BA23D3200A0713D /* EVChatTests.xctest */;
			productType = "com.apple.product-type.bundle.unit-test";
		};
		2F13C8A71BA23D3200A0713D /* EVChatUITests */ = {
			isa = PBXNativeTarget;
			buildConfigurationList = 2F13C8B71BA23D3200A0713D /* Build configuration list for PBXNativeTarget "EVChatUITests" */;
			buildPhases = (
				2F13C8A41BA23D3200A0713D /* Sources */,
				2F13C8A51BA23D3200A0713D /* Frameworks */,
				2F13C8A61BA23D3200A0713D /* Resources */,
			);
			buildRules = (
			);
			dependencies = (
				2F13C8AA1BA23D3200A0713D /* PBXTargetDependency */,
			);
			name = EVChatUITests;
			productName = EVChatUITests;
			productReference = 2F13C8A81BA23D3200A0713D /* EVChatUITests.xctest */;
			productType = "com.apple.product-type.bundle.ui-testing";
		};
/* End PBXNativeTarget section */

/* Begin PBXProject section */
		2F13C8811BA23D3200A0713D /* Project object */ = {
			isa = PBXProject;
			attributes = {
				LastSwiftUpdateCheck = 0700;
				LastUpgradeCheck = 0700;
				ORGANIZATIONNAME = "EV Technologies Inc.";
				TargetAttributes = {
					2F13C8881BA23D3200A0713D = {
						CreatedOnToolsVersion = 7.0;
						DevelopmentTeam = LD7DY78L8K;
					};
					2F13C89C1BA23D3200A0713D = {
						CreatedOnToolsVersion = 7.0;
						DevelopmentTeam = LD7DY78L8K;
						TestTargetID = 2F13C8881BA23D3200A0713D;
					};
					2F13C8A71BA23D3200A0713D = {
						CreatedOnToolsVersion = 7.0;
						DevelopmentTeam = LD7DY78L8K;
						TestTargetID = 2F13C8881BA23D3200A0713D;
					};
				};
			};
			buildConfigurationList = 2F13C8841BA23D3200A0713D /* Build configuration list for PBXProject "EVChat" */;
			compatibilityVersion = "Xcode 3.2";
			developmentRegion = English;
			hasScannedForEncodings = 0;
			knownRegions = (
				en,
				Base,
			);
			mainGroup = 2F13C8801BA23D3200A0713D;
			productRefGroup = 2F13C88A1BA23D3200A0713D /* Products */;
			projectDirPath = "";
			projectRoot = "";
			targets = (
				2F13C8881BA23D3200A0713D /* EVChat */,
				2F13C89C1BA23D3200A0713D /* EVChatTests */,
				2F13C8A71BA23D3200A0713D /* EVChatUITests */,
			);
		};
/* End PBXProject section */

/* Begin PBXResourcesBuildPhase section */
		2F13C8871BA23D3200A0713D /* Resources */ = {
			isa = PBXResourcesBuildPhase;
			buildActionMask = 2147483647;
			files = (
				2F4AE1841BD5A28A0076EFC7 /* tab_private@2x.png in Resources */,
				2F4AE1821BD5A28A0076EFC7 /* tab_group@2x.png in Resources */,
				2F13C8971BA23D3200A0713D /* LaunchScreen.storyboard in Resources */,
				2F4AE1831BD5A28A0076EFC7 /* tab_messages@2x.png in Resources */,
				2F75EF431BAC89EA005C167E /* profile_blank@2x.png in Resources */,
				2F13C8941BA23D3200A0713D /* Assets.xcassets in Resources */,
				2F4AE1851BD5A28A0076EFC7 /* tab_profile@2x.png in Resources */,
				2F13C8921BA23D3200A0713D /* Main.storyboard in Resources */,
			);
			runOnlyForDeploymentPostprocessing = 0;
		};
		2F13C89B1BA23D3200A0713D /* Resources */ = {
			isa = PBXResourcesBuildPhase;
			buildActionMask = 2147483647;
			files = (
			);
			runOnlyForDeploymentPostprocessing = 0;
		};
		2F13C8A61BA23D3200A0713D /* Resources */ = {
			isa = PBXResourcesBuildPhase;
			buildActionMask = 2147483647;
			files = (
			);
			runOnlyForDeploymentPostprocessing = 0;
		};
/* End PBXResourcesBuildPhase section */

/* Begin PBXShellScriptBuildPhase section */
		6660D36E5251031D72568A9F /* Check Pods Manifest.lock */ = {
			isa = PBXShellScriptBuildPhase;
			buildActionMask = 2147483647;
			files = (
			);
			inputPaths = (
			);
			name = "Check Pods Manifest.lock";
			outputPaths = (
			);
			runOnlyForDeploymentPostprocessing = 0;
			shellPath = /bin/sh;
			shellScript = "diff \"${PODS_ROOT}/../Podfile.lock\" \"${PODS_ROOT}/Manifest.lock\" > /dev/null\nif [[ $? != 0 ]] ; then\n    cat << EOM\nerror: The sandbox is not in sync with the Podfile.lock. Run 'pod install' or update your CocoaPods installation.\nEOM\n    exit 1\nfi\n";
			showEnvVarsInLog = 0;
		};
		B8214FBF51A78B6310D28654 /* Copy Pods Resources */ = {
			isa = PBXShellScriptBuildPhase;
			buildActionMask = 2147483647;
			files = (
			);
			inputPaths = (
			);
			name = "Copy Pods Resources";
			outputPaths = (
			);
			runOnlyForDeploymentPostprocessing = 0;
			shellPath = /bin/sh;
			shellScript = "\"${SRCROOT}/Pods/Target Support Files/Pods-EVChat/Pods-EVChat-resources.sh\"\n";
			showEnvVarsInLog = 0;
		};
		E80C5291E77D4C9834F4A307 /* Embed Pods Frameworks */ = {
			isa = PBXShellScriptBuildPhase;
			buildActionMask = 2147483647;
			files = (
			);
			inputPaths = (
			);
			name = "Embed Pods Frameworks";
			outputPaths = (
			);
			runOnlyForDeploymentPostprocessing = 0;
			shellPath = /bin/sh;
			shellScript = "\"${SRCROOT}/Pods/Target Support Files/Pods-EVChat/Pods-EVChat-frameworks.sh\"\n";
			showEnvVarsInLog = 0;
		};
/* End PBXShellScriptBuildPhase section */

/* Begin PBXSourcesBuildPhase section */
		2F13C8851BA23D3200A0713D /* Sources */ = {
			isa = PBXSourcesBuildPhase;
			buildActionMask = 2147483647;
			files = (
				2F6F52C11BA895FC0091E3AF /* PushInside.swift in Sources */,
				013E6AD21BAF741500F7B675 /* MessageAction.swift in Sources */,
				2F4AE17D1BD59AB20076EFC7 /* JBChatMainView.swift in Sources */,
				2F13C88D1BA23D3200A0713D /* AppDelegate.swift in Sources */,
				2FF3767C1BA79E850012AB0E /* AddFriends.swift in Sources */,
				013E6AD01BAF3B8700F7B675 /* UserAction.swift in Sources */,
				2F9B28AF1BAA192200801EF9 /* MessageViewController.swift in Sources */,
			);
			runOnlyForDeploymentPostprocessing = 0;
		};
		2F13C8991BA23D3200A0713D /* Sources */ = {
			isa = PBXSourcesBuildPhase;
			buildActionMask = 2147483647;
			files = (
				2F13C8A21BA23D3200A0713D /* EVChatTests.swift in Sources */,
			);
			runOnlyForDeploymentPostprocessing = 0;
		};
		2F13C8A41BA23D3200A0713D /* Sources */ = {
			isa = PBXSourcesBuildPhase;
			buildActionMask = 2147483647;
			files = (
				2F13C8AD1BA23D3200A0713D /* EVChatUITests.swift in Sources */,
			);
			runOnlyForDeploymentPostprocessing = 0;
		};
/* End PBXSourcesBuildPhase section */

/* Begin PBXTargetDependency section */
		2F13C89F1BA23D3200A0713D /* PBXTargetDependency */ = {
			isa = PBXTargetDependency;
			target = 2F13C8881BA23D3200A0713D /* EVChat */;
			targetProxy = 2F13C89E1BA23D3200A0713D /* PBXContainerItemProxy */;
		};
		2F13C8AA1BA23D3200A0713D /* PBXTargetDependency */ = {
			isa = PBXTargetDependency;
			target = 2F13C8881BA23D3200A0713D /* EVChat */;
			targetProxy = 2F13C8A91BA23D3200A0713D /* PBXContainerItemProxy */;
		};
/* End PBXTargetDependency section */

/* Begin PBXVariantGroup section */
		2F13C8901BA23D3200A0713D /* Main.storyboard */ = {
			isa = PBXVariantGroup;
			children = (
				2F13C8911BA23D3200A0713D /* Base */,
			);
			name = Main.storyboard;
			sourceTree = "<group>";
		};
		2F13C8951BA23D3200A0713D /* LaunchScreen.storyboard */ = {
			isa = PBXVariantGroup;
			children = (
				2F13C8961BA23D3200A0713D /* Base */,
			);
			name = LaunchScreen.storyboard;
			sourceTree = "<group>";
		};
/* End PBXVariantGroup section */

/* Begin XCBuildConfiguration section */
		2F13C8AF1BA23D3200A0713D /* Debug */ = {
			isa = XCBuildConfiguration;
			buildSettings = {
				ALWAYS_SEARCH_USER_PATHS = NO;
				CLANG_CXX_LANGUAGE_STANDARD = "gnu++0x";
				CLANG_CXX_LIBRARY = "libc++";
				CLANG_ENABLE_MODULES = YES;
				CLANG_ENABLE_OBJC_ARC = YES;
				CLANG_WARN_BOOL_CONVERSION = YES;
				CLANG_WARN_CONSTANT_CONVERSION = YES;
				CLANG_WARN_DIRECT_OBJC_ISA_USAGE = YES_ERROR;
				CLANG_WARN_EMPTY_BODY = YES;
				CLANG_WARN_ENUM_CONVERSION = YES;
				CLANG_WARN_INT_CONVERSION = YES;
				CLANG_WARN_OBJC_ROOT_CLASS = YES_ERROR;
				CLANG_WARN_UNREACHABLE_CODE = YES;
				CLANG_WARN__DUPLICATE_METHOD_MATCH = YES;
				"CODE_SIGN_IDENTITY[sdk=iphoneos*]" = "iPhone Developer";
				COPY_PHASE_STRIP = NO;
				DEBUG_INFORMATION_FORMAT = dwarf;
				ENABLE_STRICT_OBJC_MSGSEND = YES;
				ENABLE_TESTABILITY = YES;
				GCC_C_LANGUAGE_STANDARD = gnu99;
				GCC_DYNAMIC_NO_PIC = NO;
				GCC_NO_COMMON_BLOCKS = YES;
				GCC_OPTIMIZATION_LEVEL = 0;
				GCC_PREPROCESSOR_DEFINITIONS = (
					"DEBUG=1",
					"$(inherited)",
				);
				GCC_WARN_64_TO_32_BIT_CONVERSION = YES;
				GCC_WARN_ABOUT_RETURN_TYPE = YES_ERROR;
				GCC_WARN_UNDECLARED_SELECTOR = YES;
				GCC_WARN_UNINITIALIZED_AUTOS = YES_AGGRESSIVE;
				GCC_WARN_UNUSED_FUNCTION = YES;
				GCC_WARN_UNUSED_VARIABLE = YES;
				IPHONEOS_DEPLOYMENT_TARGET = 9.0;
				MTL_ENABLE_DEBUG_INFO = YES;
				ONLY_ACTIVE_ARCH = YES;
				SDKROOT = iphoneos;
				SWIFT_OPTIMIZATION_LEVEL = "-Onone";
				TARGETED_DEVICE_FAMILY = "1,2";
			};
			name = Debug;
		};
		2F13C8B01BA23D3200A0713D /* Release */ = {
			isa = XCBuildConfiguration;
			buildSettings = {
				ALWAYS_SEARCH_USER_PATHS = NO;
				CLANG_CXX_LANGUAGE_STANDARD = "gnu++0x";
				CLANG_CXX_LIBRARY = "libc++";
				CLANG_ENABLE_MODULES = YES;
				CLANG_ENABLE_OBJC_ARC = YES;
				CLANG_WARN_BOOL_CONVERSION = YES;
				CLANG_WARN_CONSTANT_CONVERSION = YES;
				CLANG_WARN_DIRECT_OBJC_ISA_USAGE = YES_ERROR;
				CLANG_WARN_EMPTY_BODY = YES;
				CLANG_WARN_ENUM_CONVERSION = YES;
				CLANG_WARN_INT_CONVERSION = YES;
				CLANG_WARN_OBJC_ROOT_CLASS = YES_ERROR;
				CLANG_WARN_UNREACHABLE_CODE = YES;
				CLANG_WARN__DUPLICATE_METHOD_MATCH = YES;
				"CODE_SIGN_IDENTITY[sdk=iphoneos*]" = "iPhone Developer";
				COPY_PHASE_STRIP = NO;
				DEBUG_INFORMATION_FORMAT = "dwarf-with-dsym";
				ENABLE_NS_ASSERTIONS = NO;
				ENABLE_STRICT_OBJC_MSGSEND = YES;
				GCC_C_LANGUAGE_STANDARD = gnu99;
				GCC_NO_COMMON_BLOCKS = YES;
				GCC_WARN_64_TO_32_BIT_CONVERSION = YES;
				GCC_WARN_ABOUT_RETURN_TYPE = YES_ERROR;
				GCC_WARN_UNDECLARED_SELECTOR = YES;
				GCC_WARN_UNINITIALIZED_AUTOS = YES_AGGRESSIVE;
				GCC_WARN_UNUSED_FUNCTION = YES;
				GCC_WARN_UNUSED_VARIABLE = YES;
				IPHONEOS_DEPLOYMENT_TARGET = 9.0;
				MTL_ENABLE_DEBUG_INFO = NO;
				SDKROOT = iphoneos;
				TARGETED_DEVICE_FAMILY = "1,2";
				VALIDATE_PRODUCT = YES;
			};
			name = Release;
		};
		2F13C8B21BA23D3200A0713D /* Debug */ = {
			isa = XCBuildConfiguration;
			baseConfigurationReference = FF926EB22E9235F2AE632268 /* Pods-EVChat.debug.xcconfig */;
			buildSettings = {
				ASSETCATALOG_COMPILER_APPICON_NAME = AppIcon;
				CLANG_ENABLE_MODULES = YES;
				ENABLE_BITCODE = NO;
				FRAMEWORK_SEARCH_PATHS = (
					"$(inherited)",
					"$(PROJECT_DIR)/FrameWorks",
				);
				INFOPLIST_FILE = EVChat/Info.plist;
				IPHONEOS_DEPLOYMENT_TARGET = 8.4;
				LD_RUNPATH_SEARCH_PATHS = "$(inherited) @executable_path/Frameworks";
				PRODUCT_BUNDLE_IDENTIFIER = EVChat;
				PRODUCT_NAME = "$(TARGET_NAME)";
				SWIFT_OBJC_BRIDGING_HEADER = "EVChat/EVChat-Bridging-Header.h";
				SWIFT_OPTIMIZATION_LEVEL = "-Onone";
			};
			name = Debug;
		};
		2F13C8B31BA23D3200A0713D /* Release */ = {
			isa = XCBuildConfiguration;
			baseConfigurationReference = 95801E651BC18AC46751905D /* Pods-EVChat.release.xcconfig */;
			buildSettings = {
				ASSETCATALOG_COMPILER_APPICON_NAME = AppIcon;
				CLANG_ENABLE_MODULES = YES;
				ENABLE_BITCODE = NO;
				FRAMEWORK_SEARCH_PATHS = (
					"$(inherited)",
					"$(PROJECT_DIR)/FrameWorks",
				);
				INFOPLIST_FILE = EVChat/Info.plist;
				IPHONEOS_DEPLOYMENT_TARGET = 8.4;
				LD_RUNPATH_SEARCH_PATHS = "$(inherited) @executable_path/Frameworks";
				PRODUCT_BUNDLE_IDENTIFIER = EVChat;
				PRODUCT_NAME = "$(TARGET_NAME)";
				SWIFT_OBJC_BRIDGING_HEADER = "EVChat/EVChat-Bridging-Header.h";
			};
			name = Release;
		};
		2F13C8B51BA23D3200A0713D /* Debug */ = {
			isa = XCBuildConfiguration;
			buildSettings = {
				BUNDLE_LOADER = "$(TEST_HOST)";
				INFOPLIST_FILE = EVChatTests/Info.plist;
				LD_RUNPATH_SEARCH_PATHS = "$(inherited) @executable_path/Frameworks @loader_path/Frameworks";
				PRODUCT_BUNDLE_IDENTIFIER = EV.EVChatTests;
				PRODUCT_NAME = "$(TARGET_NAME)";
				TEST_HOST = "$(BUILT_PRODUCTS_DIR)/EVChat.app/EVChat";
			};
			name = Debug;
		};
		2F13C8B61BA23D3200A0713D /* Release */ = {
			isa = XCBuildConfiguration;
			buildSettings = {
				BUNDLE_LOADER = "$(TEST_HOST)";
				INFOPLIST_FILE = EVChatTests/Info.plist;
				LD_RUNPATH_SEARCH_PATHS = "$(inherited) @executable_path/Frameworks @loader_path/Frameworks";
				PRODUCT_BUNDLE_IDENTIFIER = EV.EVChatTests;
				PRODUCT_NAME = "$(TARGET_NAME)";
				TEST_HOST = "$(BUILT_PRODUCTS_DIR)/EVChat.app/EVChat";
			};
			name = Release;
		};
		2F13C8B81BA23D3200A0713D /* Debug */ = {
			isa = XCBuildConfiguration;
			buildSettings = {
				INFOPLIST_FILE = EVChatUITests/Info.plist;
				LD_RUNPATH_SEARCH_PATHS = "$(inherited) @executable_path/Frameworks @loader_path/Frameworks";
				PRODUCT_BUNDLE_IDENTIFIER = EV.EVChatUITests;
				PRODUCT_NAME = "$(TARGET_NAME)";
				TEST_TARGET_NAME = EVChat;
				USES_XCTRUNNER = YES;
			};
			name = Debug;
		};
		2F13C8B91BA23D3200A0713D /* Release */ = {
			isa = XCBuildConfiguration;
			buildSettings = {
				INFOPLIST_FILE = EVChatUITests/Info.plist;
				LD_RUNPATH_SEARCH_PATHS = "$(inherited) @executable_path/Frameworks @loader_path/Frameworks";
				PRODUCT_BUNDLE_IDENTIFIER = EV.EVChatUITests;
				PRODUCT_NAME = "$(TARGET_NAME)";
				TEST_TARGET_NAME = EVChat;
				USES_XCTRUNNER = YES;
			};
			name = Release;
		};
/* End XCBuildConfiguration section */

/* Begin XCConfigurationList section */
		2F13C8841BA23D3200A0713D /* Build configuration list for PBXProject "EVChat" */ = {
			isa = XCConfigurationList;
			buildConfigurations = (
				2F13C8AF1BA23D3200A0713D /* Debug */,
				2F13C8B01BA23D3200A0713D /* Release */,
			);
			defaultConfigurationIsVisible = 0;
			defaultConfigurationName = Release;
		};
		2F13C8B11BA23D3200A0713D /* Build configuration list for PBXNativeTarget "EVChat" */ = {
			isa = XCConfigurationList;
			buildConfigurations = (
				2F13C8B21BA23D3200A0713D /* Debug */,
				2F13C8B31BA23D3200A0713D /* Release */,
			);
			defaultConfigurationIsVisible = 0;
			defaultConfigurationName = Release;
		};
		2F13C8B41BA23D3200A0713D /* Build configuration list for PBXNativeTarget "EVChatTests" */ = {
			isa = XCConfigurationList;
			buildConfigurations = (
				2F13C8B51BA23D3200A0713D /* Debug */,
				2F13C8B61BA23D3200A0713D /* Release */,
			);
			defaultConfigurationIsVisible = 0;
			defaultConfigurationName = Release;
		};
		2F13C8B71BA23D3200A0713D /* Build configuration list for PBXNativeTarget "EVChatUITests" */ = {
			isa = XCConfigurationList;
			buildConfigurations = (
				2F13C8B81BA23D3200A0713D /* Debug */,
				2F13C8B91BA23D3200A0713D /* Release */,
			);
			defaultConfigurationIsVisible = 0;
			defaultConfigurationName = Release;
		};
/* End XCConfigurationList section */
	};
	rootObject = 2F13C8811BA23D3200A0713D /* Project object */;
}
